
Microsoft Visual Studio Solution File, Format Version 12.00
# Visual Studio Version 17
VisualStudioVersion = 17.4.33103.184
MinimumVisualStudioVersion = 10.0.40219.1
Project("{FAE04EC0-301F-11D3-BF4B-00C04F79EFBC}") = "Курсовая_КаталогКниг", "Курсовая_КаталогКниг.csproj", "{F163888C-F7B6-4CBC-A7EE-1E518885034A}"
EndProject
Global
	GlobalSection(SolutionConfigurationPlatforms) = preSolution
		Debug|Any CPU = Debug|Any CPU
		Release|Any CPU = Release|Any CPU
	EndGlobalSection
	GlobalSection(ProjectConfigurationPlatforms) = postSolution
		{F163888C-F7B6-4CBC-A7EE-1E518885034A}.Debug|Any CPU.ActiveCfg = Debug|Any CPU
		{F163888C-F7B6-4CBC-A7EE-1E518885034A}.Debug|Any CPU.Build.0 = Debug|Any CPU
		{F163888C-F7B6-4CBC-A7EE-1E518885034A}.Release|Any CPU.ActiveCfg = Release|Any CPU
		{F163888C-F7B6-4CBC-A7EE-1E518885034A}.Release|Any CPU.Build.0 = Release|Any CPU
	EndGlobalSection
	GlobalSection(SolutionProperties) = preSolution
		HideSolutionNode = FALSE
	EndGlobalSection
	GlobalSection(ExtensibilityGlobals) = postSolution
		SolutionGuid = {6BB6A728-7A90-4A5C-9C46-F7C0E1EA3FB3}
	EndGlobalSection
EndGlobal
